
Microsoft Visual Studio Solution File, Format Version 11.00
# Visual Studio 2010
Project("{F14B399A-7131-4C87-9E4B-1186C45EF12D}") = "Nordblom", "Nordblom\Nordblom.rptproj", "{760E0F35-4CAF-446A-8636-70D23F767064}"
EndProject
Global
	GlobalSection(SolutionConfigurationPlatforms) = preSolution
		Debug|Default = Debug|Default
		DebugLocal|Default = DebugLocal|Default
		Release|Default = Release|Default
	EndGlobalSection
	GlobalSection(ProjectConfigurationPlatforms) = postSolution
		{760E0F35-4CAF-446A-8636-70D23F767064}.Debug|Default.ActiveCfg = Debug
		{760E0F35-4CAF-446A-8636-70D23F767064}.Debug|Default.Build.0 = DebugLocal
		{760E0F35-4CAF-446A-8636-70D23F767064}.Debug|Default.Deploy.0 = DebugLocal
		{760E0F35-4CAF-446A-8636-70D23F767064}.DebugLocal|Default.ActiveCfg = DebugLocal
		{760E0F35-4CAF-446A-8636-70D23F767064}.DebugLocal|Default.Build.0 = DebugLocal
		{760E0F35-4CAF-446A-8636-70D23F767064}.Release|Default.ActiveCfg = Release
		{760E0F35-4CAF-446A-8636-70D23F767064}.Release|Default.Build.0 = Release
		{760E0F35-4CAF-446A-8636-70D23F767064}.Release|Default.Deploy.0 = Release
	EndGlobalSection
	GlobalSection(SolutionProperties) = preSolution
		HideSolutionNode = FALSE
	EndGlobalSection
EndGlobal
